
Microsoft Visual Studio Solution File, Format Version 12.00
# Visual Studio Version 16
VisualStudioVersion = 16.0.29306.81
MinimumVisualStudioVersion = 10.0.40219.1
Project("{FAE04EC0-301F-11D3-BF4B-00C04F79EFBC}") = "DAL", "DAL\DAL.csproj", "{EC642C7B-F066-4C31-8927-DF969359C571}"
EndProject
Project("{FAE04EC0-301F-11D3-BF4B-00C04F79EFBC}") = "ServiceBL", "BL\ServiceBL.csproj", "{CBCCB14D-51CC-4924-9B5A-ECABA739F9DE}"
EndProject
Project("{FAE04EC0-301F-11D3-BF4B-00C04F79EFBC}") = "PL", "PL\PL.csproj", "{EAE31E11-20A7-40C0-891A-2DFCB456CC3C}"
EndProject
Global
	GlobalSection(SolutionConfigurationPlatforms) = preSolution
		Debug|Any CPU = Debug|Any CPU
		Release|Any CPU = Release|Any CPU
	EndGlobalSection
	GlobalSection(ProjectConfigurationPlatforms) = postSolution
		{EC642C7B-F066-4C31-8927-DF969359C571}.Debug|Any CPU.ActiveCfg = Debug|Any CPU
		{EC642C7B-F066-4C31-8927-DF969359C571}.Debug|Any CPU.Build.0 = Debug|Any CPU
		{EC642C7B-F066-4C31-8927-DF969359C571}.Release|Any CPU.ActiveCfg = Release|Any CPU
		{EC642C7B-F066-4C31-8927-DF969359C571}.Release|Any CPU.Build.0 = Release|Any CPU
		{CBCCB14D-51CC-4924-9B5A-ECABA739F9DE}.Debug|Any CPU.ActiveCfg = Debug|Any CPU
		{CBCCB14D-51CC-4924-9B5A-ECABA739F9DE}.Debug|Any CPU.Build.0 = Debug|Any CPU
		{CBCCB14D-51CC-4924-9B5A-ECABA739F9DE}.Release|Any CPU.ActiveCfg = Release|Any CPU
		{CBCCB14D-51CC-4924-9B5A-ECABA739F9DE}.Release|Any CPU.Build.0 = Release|Any CPU
		{EAE31E11-20A7-40C0-891A-2DFCB456CC3C}.Debug|Any CPU.ActiveCfg = Debug|Any CPU
		{EAE31E11-20A7-40C0-891A-2DFCB456CC3C}.Debug|Any CPU.Build.0 = Debug|Any CPU
		{EAE31E11-20A7-40C0-891A-2DFCB456CC3C}.Release|Any CPU.ActiveCfg = Release|Any CPU
		{EAE31E11-20A7-40C0-891A-2DFCB456CC3C}.Release|Any CPU.Build.0 = Release|Any CPU
	EndGlobalSection
	GlobalSection(SolutionProperties) = preSolution
		HideSolutionNode = FALSE
	EndGlobalSection
	GlobalSection(ExtensibilityGlobals) = postSolution
		SolutionGuid = {50D7EFD2-B73D-469E-9CCD-C8F054F2F774}
	EndGlobalSection
EndGlobal
